// !$*UTF8*$!
{
	archiveVersion = 1;
	classes = {
	};
	objectVersion = 56;
	objects = {

/* Begin PBXBuildFile section */
		6F250D4B2A942839FCEFCB28 /* Pods_NotesApp.framework in Frameworks */ = {isa = PBXBuildFile; fileRef = 38838419EE2AF85924CA59E3 /* Pods_NotesApp.framework */; };
		FD69CF252B8A142D0059942A /* AppDelegate.swift in Sources */ = {isa = PBXBuildFile; fileRef = FD69CF242B8A142D0059942A /* AppDelegate.swift */; };
		FD69CF272B8A142D0059942A /* SceneDelegate.swift in Sources */ = {isa = PBXBuildFile; fileRef = FD69CF262B8A142D0059942A /* SceneDelegate.swift */; };
		FD69CF292B8A142D0059942A /* NoteViewController.swift in Sources */ = {isa = PBXBuildFile; fileRef = FD69CF282B8A142D0059942A /* NoteViewController.swift */; };
		FD69CF2E2B8A14300059942A /* Assets.xcassets in Resources */ = {isa = PBXBuildFile; fileRef = FD69CF2D2B8A14300059942A /* Assets.xcassets */; };
		FD69CF312B8A14300059942A /* LaunchScreen.storyboard in Resources */ = {isa = PBXBuildFile; fileRef = FD69CF2F2B8A14300059942A /* LaunchScreen.storyboard */; };
		FD69CF392B8A1AE30059942A /* NoteViewModel.swift in Sources */ = {isa = PBXBuildFile; fileRef = FD69CF382B8A1AE30059942A /* NoteViewModel.swift */; };
		FD69CF3D2B8A2A5D0059942A /* ListOfNotesViewController.swift in Sources */ = {isa = PBXBuildFile; fileRef = FD69CF3C2B8A2A5D0059942A /* ListOfNotesViewController.swift */; };
		FDCF287F2B8CA71E005A3BAE /* ListOfNotesViewModel.swift in Sources */ = {isa = PBXBuildFile; fileRef = FDCF287E2B8CA71E005A3BAE /* ListOfNotesViewModel.swift */; };
		FDCF28822B8CA773005A3BAE /* NoteModel.swift in Sources */ = {isa = PBXBuildFile; fileRef = FDCF28812B8CA773005A3BAE /* NoteModel.swift */; };
		FDCF28852B8CB3A7005A3BAE /* DBManager.swift in Sources */ = {isa = PBXBuildFile; fileRef = FDCF28842B8CB3A7005A3BAE /* DBManager.swift */; };
/* End PBXBuildFile section */

/* Begin PBXFileReference section */
		38838419EE2AF85924CA59E3 /* Pods_NotesApp.framework */ = {isa = PBXFileReference; explicitFileType = wrapper.framework; includeInIndex = 0; path = Pods_NotesApp.framework; sourceTree = BUILT_PRODUCTS_DIR; };
		816FE20E2F251F7CB6B17C3A /* Pods-NotesApp.release.xcconfig */ = {isa = PBXFileReference; includeInIndex = 1; lastKnownFileType = text.xcconfig; name = "Pods-NotesApp.release.xcconfig"; path = "Target Support Files/Pods-NotesApp/Pods-NotesApp.release.xcconfig"; sourceTree = "<group>"; };
		A9F048AD3673E69788C56DF1 /* Pods-NotesApp.debug.xcconfig */ = {isa = PBXFileReference; includeInIndex = 1; lastKnownFileType = text.xcconfig; name = "Pods-NotesApp.debug.xcconfig"; path = "Target Support Files/Pods-NotesApp/Pods-NotesApp.debug.xcconfig"; sourceTree = "<group>"; };
		FD69CF212B8A142D0059942A /* NotesApp.app */ = {isa = PBXFileReference; explicitFileType = wrapper.application; includeInIndex = 0; path = NotesApp.app; sourceTree = BUILT_PRODUCTS_DIR; };
		FD69CF242B8A142D0059942A /* AppDelegate.swift */ = {isa = PBXFileReference; lastKnownFileType = sourcecode.swift; path = AppDelegate.swift; sourceTree = "<group>"; };
		FD69CF262B8A142D0059942A /* SceneDelegate.swift */ = {isa = PBXFileReference; lastKnownFileType = sourcecode.swift; path = SceneDelegate.swift; sourceTree = "<group>"; };
		FD69CF282B8A142D0059942A /* NoteViewController.swift */ = {isa = PBXFileReference; lastKnownFileType = sourcecode.swift; path = NoteViewController.swift; sourceTree = "<group>"; };
		FD69CF2D2B8A14300059942A /* Assets.xcassets */ = {isa = PBXFileReference; lastKnownFileType = folder.assetcatalog; path = Assets.xcassets; sourceTree = "<group>"; };
		FD69CF302B8A14300059942A /* Base */ = {isa = PBXFileReference; lastKnownFileType = file.storyboard; name = Base; path = Base.lproj/LaunchScreen.storyboard; sourceTree = "<group>"; };
		FD69CF322B8A14300059942A /* Info.plist */ = {isa = PBXFileReference; lastKnownFileType = text.plist.xml; path = Info.plist; sourceTree = "<group>"; };
		FD69CF382B8A1AE30059942A /* NoteViewModel.swift */ = {isa = PBXFileReference; lastKnownFileType = sourcecode.swift; path = NoteViewModel.swift; sourceTree = "<group>"; };
		FD69CF3C2B8A2A5D0059942A /* ListOfNotesViewController.swift */ = {isa = PBXFileReference; lastKnownFileType = sourcecode.swift; path = ListOfNotesViewController.swift; sourceTree = "<group>"; };
		FDCF287E2B8CA71E005A3BAE /* ListOfNotesViewModel.swift */ = {isa = PBXFileReference; lastKnownFileType = sourcecode.swift; path = ListOfNotesViewModel.swift; sourceTree = "<group>"; };
		FDCF28812B8CA773005A3BAE /* NoteModel.swift */ = {isa = PBXFileReference; lastKnownFileType = sourcecode.swift; path = NoteModel.swift; sourceTree = "<group>"; };
		FDCF28842B8CB3A7005A3BAE /* DBManager.swift */ = {isa = PBXFileReference; lastKnownFileType = sourcecode.swift; path = DBManager.swift; sourceTree = "<group>"; };
/* End PBXFileReference section */

/* Begin PBXFrameworksBuildPhase section */
		FD69CF1E2B8A142D0059942A /* Frameworks */ = {
			isa = PBXFrameworksBuildPhase;
			buildActionMask = 2147483647;
			files = (
				6F250D4B2A942839FCEFCB28 /* Pods_NotesApp.framework in Frameworks */,
			);
			runOnlyForDeploymentPostprocessing = 0;
		};
/* End PBXFrameworksBuildPhase section */

/* Begin PBXGroup section */
		5C9A492C84CE783D5D9D02AA /* Frameworks */ = {
			isa = PBXGroup;
			children = (
				38838419EE2AF85924CA59E3 /* Pods_NotesApp.framework */,
			);
			name = Frameworks;
			sourceTree = "<group>";
		};
		CAC5BCE38EAC51C9F6E38138 /* Pods */ = {
			isa = PBXGroup;
			children = (
				A9F048AD3673E69788C56DF1 /* Pods-NotesApp.debug.xcconfig */,
				816FE20E2F251F7CB6B17C3A /* Pods-NotesApp.release.xcconfig */,
			);
			path = Pods;
			sourceTree = "<group>";
		};
		FD69CF182B8A142D0059942A = {
			isa = PBXGroup;
			children = (
				FD69CF232B8A142D0059942A /* NotesApp */,
				FD69CF222B8A142D0059942A /* Products */,
				CAC5BCE38EAC51C9F6E38138 /* Pods */,
				5C9A492C84CE783D5D9D02AA /* Frameworks */,
			);
			sourceTree = "<group>";
		};
		FD69CF222B8A142D0059942A /* Products */ = {
			isa = PBXGroup;
			children = (
				FD69CF212B8A142D0059942A /* NotesApp.app */,
			);
			name = Products;
			sourceTree = "<group>";
		};
		FD69CF232B8A142D0059942A /* NotesApp */ = {
			isa = PBXGroup;
			children = (
				FDCF28802B8CA730005A3BAE /* Models */,
				FD69CF3A2B8A29AD0059942A /* Views */,
				FD69CF3B2B8A29BE0059942A /* ViewModels */,
				FDCF28832B8CB37F005A3BAE /* Services */,
				FD69CF242B8A142D0059942A /* AppDelegate.swift */,
				FD69CF262B8A142D0059942A /* SceneDelegate.swift */,
				FD69CF2D2B8A14300059942A /* Assets.xcassets */,
				FD69CF2F2B8A14300059942A /* LaunchScreen.storyboard */,
				FD69CF322B8A14300059942A /* Info.plist */,
			);
			path = NotesApp;
			sourceTree = "<group>";
		};
		FD69CF3A2B8A29AD0059942A /* Views */ = {
			isa = PBXGroup;
			children = (
				FD69CF3C2B8A2A5D0059942A /* ListOfNotesViewController.swift */,
				FD69CF282B8A142D0059942A /* NoteViewController.swift */,
			);
			path = Views;
			sourceTree = "<group>";
		};
		FD69CF3B2B8A29BE0059942A /* ViewModels */ = {
			isa = PBXGroup;
			children = (
				FDCF287E2B8CA71E005A3BAE /* ListOfNotesViewModel.swift */,
				FD69CF382B8A1AE30059942A /* NoteViewModel.swift */,
			);
			path = ViewModels;
			sourceTree = "<group>";
		};
		FDCF28802B8CA730005A3BAE /* Models */ = {
			isa = PBXGroup;
			children = (
				FDCF28812B8CA773005A3BAE /* NoteModel.swift */,
			);
			path = Models;
			sourceTree = "<group>";
		};
		FDCF28832B8CB37F005A3BAE /* Services */ = {
			isa = PBXGroup;
			children = (
				FDCF28842B8CB3A7005A3BAE /* DBManager.swift */,
			);
			path = Services;
			sourceTree = "<group>";
		};
/* End PBXGroup section */

/* Begin PBXNativeTarget section */
		FD69CF202B8A142D0059942A /* NotesApp */ = {
			isa = PBXNativeTarget;
			buildConfigurationList = FD69CF352B8A14300059942A /* Build configuration list for PBXNativeTarget "NotesApp" */;
			buildPhases = (
				5E50440C22EC106DE7822564 /* [CP] Check Pods Manifest.lock */,
				FD69CF1D2B8A142D0059942A /* Sources */,
				FD69CF1E2B8A142D0059942A /* Frameworks */,
				FD69CF1F2B8A142D0059942A /* Resources */,
				55A5232A67CF51DBD73F525E /* [CP] Embed Pods Frameworks */,
			);
			buildRules = (
			);
			dependencies = (
			);
			name = NotesApp;
			productName = NotesApp;
			productReference = FD69CF212B8A142D0059942A /* NotesApp.app */;
			productType = "com.apple.product-type.application";
		};
/* End PBXNativeTarget section */

/* Begin PBXProject section */
		FD69CF192B8A142D0059942A /* Project object */ = {
			isa = PBXProject;
			attributes = {
				BuildIndependentTargetsInParallel = 1;
				LastSwiftUpdateCheck = 1420;
				LastUpgradeCheck = 1420;
				TargetAttributes = {
					FD69CF202B8A142D0059942A = {
						CreatedOnToolsVersion = 14.2;
					};
				};
			};
			buildConfigurationList = FD69CF1C2B8A142D0059942A /* Build configuration list for PBXProject "NotesApp" */;
			compatibilityVersion = "Xcode 14.0";
			developmentRegion = en;
			hasScannedForEncodings = 0;
			knownRegions = (
				en,
				Base,
			);
			mainGroup = FD69CF182B8A142D0059942A;
			productRefGroup = FD69CF222B8A142D0059942A /* Products */;
			projectDirPath = "";
			projectRoot = "";
			targets = (
				FD69CF202B8A142D0059942A /* NotesApp */,
			);
		};
/* End PBXProject section */

/* Begin PBXResourcesBuildPhase section */
		FD69CF1F2B8A142D0059942A /* Resources */ = {
			isa = PBXResourcesBuildPhase;
			buildActionMask = 2147483647;
			files = (
				FD69CF312B8A14300059942A /* LaunchScreen.storyboard in Resources */,
				FD69CF2E2B8A14300059942A /* Assets.xcassets in Resources */,
			);
			runOnlyForDeploymentPostprocessing = 0;
		};
/* End PBXResourcesBuildPhase section */

/* Begin PBXShellScriptBuildPhase section */
		55A5232A67CF51DBD73F525E /* [CP] Embed Pods Frameworks */ = {
			isa = PBXShellScriptBuildPhase;
			buildActionMask = 2147483647;
			files = (
			);
			inputFileListPaths = (
				"${PODS_ROOT}/Target Support Files/Pods-NotesApp/Pods-NotesApp-frameworks-${CONFIGURATION}-input-files.xcfilelist",
			);
			name = "[CP] Embed Pods Frameworks";
			outputFileListPaths = (
				"${PODS_ROOT}/Target Support Files/Pods-NotesApp/Pods-NotesApp-frameworks-${CONFIGURATION}-output-files.xcfilelist",
			);
			runOnlyForDeploymentPostprocessing = 0;
			shellPath = /bin/sh;
			shellScript = "\"${PODS_ROOT}/Target Support Files/Pods-NotesApp/Pods-NotesApp-frameworks.sh\"\n";
			showEnvVarsInLog = 0;
		};
		5E50440C22EC106DE7822564 /* [CP] Check Pods Manifest.lock */ = {
			isa = PBXShellScriptBuildPhase;
			buildActionMask = 2147483647;
			files = (
			);
			inputFileListPaths = (
			);
			inputPaths = (
				"${PODS_PODFILE_DIR_PATH}/Podfile.lock",
				"${PODS_ROOT}/Manifest.lock",
			);
			name = "[CP] Check Pods Manifest.lock";
			outputFileListPaths = (
			);
			outputPaths = (
				"$(DERIVED_FILE_DIR)/Pods-NotesApp-checkManifestLockResult.txt",
			);
			runOnlyForDeploymentPostprocessing = 0;
			shellPath = /bin/sh;
			shellScript = "diff \"${PODS_PODFILE_DIR_PATH}/Podfile.lock\" \"${PODS_ROOT}/Manifest.lock\" > /dev/null\nif [ $? != 0 ] ; then\n    # print error to STDERR\n    echo \"error: The sandbox is not in sync with the Podfile.lock. Run 'pod install' or update your CocoaPods installation.\" >&2\n    exit 1\nfi\n# This output is used by Xcode 'outputs' to avoid re-running this script phase.\necho \"SUCCESS\" > \"${SCRIPT_OUTPUT_FILE_0}\"\n";
			showEnvVarsInLog = 0;
		};
/* End PBXShellScriptBuildPhase section */

/* Begin PBXSourcesBuildPhase section */
		FD69CF1D2B8A142D0059942A /* Sources */ = {
			isa = PBXSourcesBuildPhase;
			buildActionMask = 2147483647;
			files = (
				FD69CF292B8A142D0059942A /* NoteViewController.swift in Sources */,
				FD69CF392B8A1AE30059942A /* NoteViewModel.swift in Sources */,
				FD69CF252B8A142D0059942A /* AppDelegate.swift in Sources */,
				FDCF28852B8CB3A7005A3BAE /* DBManager.swift in Sources */,
				FDCF28822B8CA773005A3BAE /* NoteModel.swift in Sources */,
				FDCF287F2B8CA71E005A3BAE /* ListOfNotesViewModel.swift in Sources */,
				FD69CF272B8A142D0059942A /* SceneDelegate.swift in Sources */,
				FD69CF3D2B8A2A5D0059942A /* ListOfNotesViewController.swift in Sources */,
			);
			runOnlyForDeploymentPostprocessing = 0;
		};
/* End PBXSourcesBuildPhase section */

/* Begin PBXVariantGroup section */
		FD69CF2F2B8A14300059942A /* LaunchScreen.storyboard */ = {
			isa = PBXVariantGroup;
			children = (
				FD69CF302B8A14300059942A /* Base */,
			);
			name = LaunchScreen.storyboard;
			sourceTree = "<group>";
		};
/* End PBXVariantGroup section */

/* Begin XCBuildConfiguration section */
		FD69CF332B8A14300059942A /* Debug */ = {
			isa = XCBuildConfiguration;
			buildSettings = {
				ALWAYS_SEARCH_USER_PATHS = NO;
				CLANG_ANALYZER_NONNULL = YES;
				CLANG_ANALYZER_NUMBER_OBJECT_CONVERSION = YES_AGGRESSIVE;
				CLANG_CXX_LANGUAGE_STANDARD = "gnu++20";
				CLANG_ENABLE_MODULES = YES;
				CLANG_ENABLE_OBJC_ARC = YES;
				CLANG_ENABLE_OBJC_WEAK = YES;
				CLANG_WARN_BLOCK_CAPTURE_AUTORELEASING = YES;
				CLANG_WARN_BOOL_CONVERSION = YES;
				CLANG_WARN_COMMA = YES;
				CLANG_WARN_CONSTANT_CONVERSION = YES;
				CLANG_WARN_DEPRECATED_OBJC_IMPLEMENTATIONS = YES;
				CLANG_WARN_DIRECT_OBJC_ISA_USAGE = YES_ERROR;
				CLANG_WARN_DOCUMENTATION_COMMENTS = YES;
				CLANG_WARN_EMPTY_BODY = YES;
				CLANG_WARN_ENUM_CONVERSION = YES;
				CLANG_WARN_INFINITE_RECURSION = YES;
				CLANG_WARN_INT_CONVERSION = YES;
				CLANG_WARN_NON_LITERAL_NULL_CONVERSION = YES;
				CLANG_WARN_OBJC_IMPLICIT_RETAIN_SELF = YES;
				CLANG_WARN_OBJC_LITERAL_CONVERSION = YES;
				CLANG_WARN_OBJC_ROOT_CLASS = YES_ERROR;
				CLANG_WARN_QUOTED_INCLUDE_IN_FRAMEWORK_HEADER = YES;
				CLANG_WARN_RANGE_LOOP_ANALYSIS = YES;
				CLANG_WARN_STRICT_PROTOTYPES = YES;
				CLANG_WARN_SUSPICIOUS_MOVE = YES;
				CLANG_WARN_UNGUARDED_AVAILABILITY = YES_AGGRESSIVE;
				CLANG_WARN_UNREACHABLE_CODE = YES;
				CLANG_WARN__DUPLICATE_METHOD_MATCH = YES;
				COPY_PHASE_STRIP = NO;
				DEBUG_INFORMATION_FORMAT = dwarf;
				ENABLE_STRICT_OBJC_MSGSEND = YES;
				ENABLE_TESTABILITY = YES;
				GCC_C_LANGUAGE_STANDARD = gnu11;
				GCC_DYNAMIC_NO_PIC = NO;
				GCC_NO_COMMON_BLOCKS = YES;
				GCC_OPTIMIZATION_LEVEL = 0;
				GCC_PREPROCESSOR_DEFINITIONS = (
					"DEBUG=1",
					"$(inherited)",
				);
				GCC_WARN_64_TO_32_BIT_CONVERSION = YES;
				GCC_WARN_ABOUT_RETURN_TYPE = YES_ERROR;
				GCC_WARN_UNDECLARED_SELECTOR = YES;
				GCC_WARN_UNINITIALIZED_AUTOS = YES_AGGRESSIVE;
				GCC_WARN_UNUSED_FUNCTION = YES;
				GCC_WARN_UNUSED_VARIABLE = YES;
				IPHONEOS_DEPLOYMENT_TARGET = 16.2;
				MTL_ENABLE_DEBUG_INFO = INCLUDE_SOURCE;
				MTL_FAST_MATH = YES;
				ONLY_ACTIVE_ARCH = YES;
				SDKROOT = iphoneos;
				SWIFT_ACTIVE_COMPILATION_CONDITIONS = DEBUG;
				SWIFT_OPTIMIZATION_LEVEL = "-Onone";
			};
			name = Debug;
		};
		FD69CF342B8A14300059942A /* Release */ = {
			isa = XCBuildConfiguration;
			buildSettings = {
				ALWAYS_SEARCH_USER_PATHS = NO;
				CLANG_ANALYZER_NONNULL = YES;
				CLANG_ANALYZER_NUMBER_OBJECT_CONVERSION = YES_AGGRESSIVE;
				CLANG_CXX_LANGUAGE_STANDARD = "gnu++20";
				CLANG_ENABLE_MODULES = YES;
				CLANG_ENABLE_OBJC_ARC = YES;
				CLANG_ENABLE_OBJC_WEAK = YES;
				CLANG_WARN_BLOCK_CAPTURE_AUTORELEASING = YES;
				CLANG_WARN_BOOL_CONVERSION = YES;
				CLANG_WARN_COMMA = YES;
				CLANG_WARN_CONSTANT_CONVERSION = YES;
				CLANG_WARN_DEPRECATED_OBJC_IMPLEMENTATIONS = YES;
				CLANG_WARN_DIRECT_OBJC_ISA_USAGE = YES_ERROR;
				CLANG_WARN_DOCUMENTATION_COMMENTS = YES;
				CLANG_WARN_EMPTY_BODY = YES;
				CLANG_WARN_ENUM_CONVERSION = YES;
				CLANG_WARN_INFINITE_RECURSION = YES;
				CLANG_WARN_INT_CONVERSION = YES;
				CLANG_WARN_NON_LITERAL_NULL_CONVERSION = YES;
				CLANG_WARN_OBJC_IMPLICIT_RETAIN_SELF = YES;
				CLANG_WARN_OBJC_LITERAL_CONVERSION = YES;
				CLANG_WARN_OBJC_ROOT_CLASS = YES_ERROR;
				CLANG_WARN_QUOTED_INCLUDE_IN_FRAMEWORK_HEADER = YES;
				CLANG_WARN_RANGE_LOOP_ANALYSIS = YES;
				CLANG_WARN_STRICT_PROTOTYPES = YES;
				CLANG_WARN_SUSPICIOUS_MOVE = YES;
				CLANG_WARN_UNGUARDED_AVAILABILITY = YES_AGGRESSIVE;
				CLANG_WARN_UNREACHABLE_CODE = YES;
				CLANG_WARN__DUPLICATE_METHOD_MATCH = YES;
				COPY_PHASE_STRIP = NO;
				DEBUG_INFORMATION_FORMAT = "dwarf-with-dsym";
				ENABLE_NS_ASSERTIONS = NO;
				ENABLE_STRICT_OBJC_MSGSEND = YES;
				GCC_C_LANGUAGE_STANDARD = gnu11;
				GCC_NO_COMMON_BLOCKS = YES;
				GCC_WARN_64_TO_32_BIT_CONVERSION = YES;
				GCC_WARN_ABOUT_RETURN_TYPE = YES_ERROR;
				GCC_WARN_UNDECLARED_SELECTOR = YES;
				GCC_WARN_UNINITIALIZED_AUTOS = YES_AGGRESSIVE;
				GCC_WARN_UNUSED_FUNCTION = YES;
				GCC_WARN_UNUSED_VARIABLE = YES;
				IPHONEOS_DEPLOYMENT_TARGET = 16.2;
				MTL_ENABLE_DEBUG_INFO = NO;
				MTL_FAST_MATH = YES;
				SDKROOT = iphoneos;
				SWIFT_COMPILATION_MODE = wholemodule;
				SWIFT_OPTIMIZATION_LEVEL = "-O";
				VALIDATE_PRODUCT = YES;
			};
			name = Release;
		};
		FD69CF362B8A14300059942A /* Debug */ = {
			isa = XCBuildConfiguration;
			baseConfigurationReference = A9F048AD3673E69788C56DF1 /* Pods-NotesApp.debug.xcconfig */;
			buildSettings = {
				ASSETCATALOG_COMPILER_APPICON_NAME = AppIcon;
				ASSETCATALOG_COMPILER_GLOBAL_ACCENT_COLOR_NAME = AccentColor;
				CODE_SIGN_STYLE = Automatic;
				CURRENT_PROJECT_VERSION = 1;
				DEVELOPMENT_TEAM = 937225FCSX;
				GENERATE_INFOPLIST_FILE = YES;
				INFOPLIST_FILE = NotesApp/Info.plist;
				INFOPLIST_KEY_UIApplicationSupportsIndirectInputEvents = YES;
				INFOPLIST_KEY_UILaunchStoryboardName = LaunchScreen;
				INFOPLIST_KEY_UISupportedInterfaceOrientations = UIInterfaceOrientationPortrait;
				INFOPLIST_KEY_UISupportedInterfaceOrientations_iPad = "UIInterfaceOrientationLandscapeLeft UIInterfaceOrientationLandscapeRight UIInterfaceOrientationPortrait UIInterfaceOrientationPortraitUpsideDown";
				IPHONEOS_DEPLOYMENT_TARGET = 15.0;
				LD_RUNPATH_SEARCH_PATHS = (
					"$(inherited)",
					"@executable_path/Frameworks",
				);
				MARKETING_VERSION = 1.0;
				PRODUCT_BUNDLE_IDENTIFIER = com.emirnasyrov.NotesApp;
				PRODUCT_NAME = "$(TARGET_NAME)";
				SUPPORTED_PLATFORMS = "iphoneos iphonesimulator";
				SUPPORTS_MACCATALYST = NO;
				SUPPORTS_MAC_DESIGNED_FOR_IPHONE_IPAD = NO;
				SWIFT_EMIT_LOC_STRINGS = YES;
				SWIFT_VERSION = 5.0;
				TARGETED_DEVICE_FAMILY = 1;
			};
			name = Debug;
		};
		FD69CF372B8A14300059942A /* Release */ = {
			isa = XCBuildConfiguration;
			baseConfigurationReference = 816FE20E2F251F7CB6B17C3A /* Pods-NotesApp.release.xcconfig */;
			buildSettings = {
				ASSETCATALOG_COMPILER_APPICON_NAME = AppIcon;
				ASSETCATALOG_COMPILER_GLOBAL_ACCENT_COLOR_NAME = AccentColor;
				CODE_SIGN_STYLE = Automatic;
				CURRENT_PROJECT_VERSION = 1;
				DEVELOPMENT_TEAM = 937225FCSX;
				GENERATE_INFOPLIST_FILE = YES;
				INFOPLIST_FILE = NotesApp/Info.plist;
				INFOPLIST_KEY_UIApplicationSupportsIndirectInputEvents = YES;
				INFOPLIST_KEY_UILaunchStoryboardName = LaunchScreen;
				INFOPLIST_KEY_UISupportedInterfaceOrientations = UIInterfaceOrientationPortrait;
				INFOPLIST_KEY_UISupportedInterfaceOrientations_iPad = "UIInterfaceOrientationLandscapeLeft UIInterfaceOrientationLandscapeRight UIInterfaceOrientationPortrait UIInterfaceOrientationPortraitUpsideDown";
				IPHONEOS_DEPLOYMENT_TARGET = 15.0;
				LD_RUNPATH_SEARCH_PATHS = (
					"$(inherited)",
					"@executable_path/Frameworks",
				);
				MARKETING_VERSION = 1.0;
				PRODUCT_BUNDLE_IDENTIFIER = com.emirnasyrov.NotesApp;
				PRODUCT_NAME = "$(TARGET_NAME)";
				SUPPORTED_PLATFORMS = "iphoneos iphonesimulator";
				SUPPORTS_MACCATALYST = NO;
				SUPPORTS_MAC_DESIGNED_FOR_IPHONE_IPAD = NO;
				SWIFT_EMIT_LOC_STRINGS = YES;
				SWIFT_VERSION = 5.0;
				TARGETED_DEVICE_FAMILY = 1;
			};
			name = Release;
		};
/* End XCBuildConfiguration section */

/* Begin XCConfigurationList section */
		FD69CF1C2B8A142D0059942A /* Build configuration list for PBXProject "NotesApp" */ = {
			isa = XCConfigurationList;
			buildConfigurations = (
				FD69CF332B8A14300059942A /* Debug */,
				FD69CF342B8A14300059942A /* Release */,
			);
			defaultConfigurationIsVisible = 0;
			defaultConfigurationName = Release;
		};
		FD69CF352B8A14300059942A /* Build configuration list for PBXNativeTarget "NotesApp" */ = {
			isa = XCConfigurationList;
			buildConfigurations = (
				FD69CF362B8A14300059942A /* Debug */,
				FD69CF372B8A14300059942A /* Release */,
			);
			defaultConfigurationIsVisible = 0;
			defaultConfigurationName = Release;
		};
/* End XCConfigurationList section */
	};
	rootObject = FD69CF192B8A142D0059942A /* Project object */;
}
